
Microsoft Visual Studio Solution File, Format Version 12.00
Project("{FAE04EC0-301F-11D3-BF4B-00C04F79EFBC}") = "API", "API\API.csproj", "{8343CCB9-5A77-49EB-9B61-3C1FE7C761A0}"
EndProject
Project("{FAE04EC0-301F-11D3-BF4B-00C04F79EFBC}") = "Core", "Core\Core.csproj", "{8980B492-42CC-40A2-9DDF-D3C629B7E4E1}"
EndProject
Project("{FAE04EC0-301F-11D3-BF4B-00C04F79EFBC}") = "Infrastructure", "Infrastructure\Infrastructure.csproj", "{66D6B744-84B3-4ADC-BA7F-2962A65D4521}"
EndProject
Global
	GlobalSection(SolutionConfigurationPlatforms) = preSolution
		Debug|Any CPU = Debug|Any CPU
		Release|Any CPU = Release|Any CPU
	EndGlobalSection
	GlobalSection(ProjectConfigurationPlatforms) = postSolution
		{8343CCB9-5A77-49EB-9B61-3C1FE7C761A0}.Debug|Any CPU.ActiveCfg = Debug|Any CPU
		{8343CCB9-5A77-49EB-9B61-3C1FE7C761A0}.Debug|Any CPU.Build.0 = Debug|Any CPU
		{8343CCB9-5A77-49EB-9B61-3C1FE7C761A0}.Release|Any CPU.ActiveCfg = Release|Any CPU
		{8343CCB9-5A77-49EB-9B61-3C1FE7C761A0}.Release|Any CPU.Build.0 = Release|Any CPU
		{8980B492-42CC-40A2-9DDF-D3C629B7E4E1}.Debug|Any CPU.ActiveCfg = Debug|Any CPU
		{8980B492-42CC-40A2-9DDF-D3C629B7E4E1}.Debug|Any CPU.Build.0 = Debug|Any CPU
		{8980B492-42CC-40A2-9DDF-D3C629B7E4E1}.Release|Any CPU.ActiveCfg = Release|Any CPU
		{8980B492-42CC-40A2-9DDF-D3C629B7E4E1}.Release|Any CPU.Build.0 = Release|Any CPU
		{66D6B744-84B3-4ADC-BA7F-2962A65D4521}.Debug|Any CPU.ActiveCfg = Debug|Any CPU
		{66D6B744-84B3-4ADC-BA7F-2962A65D4521}.Debug|Any CPU.Build.0 = Debug|Any CPU
		{66D6B744-84B3-4ADC-BA7F-2962A65D4521}.Release|Any CPU.ActiveCfg = Release|Any CPU
		{66D6B744-84B3-4ADC-BA7F-2962A65D4521}.Release|Any CPU.Build.0 = Release|Any CPU
	EndGlobalSection
EndGlobal
